
Microsoft Visual Studio Solution File, Format Version 12.00
Project("{FAE04EC0-301F-11D3-BF4B-00C04F79EFBC}") = "HUAMAN_T3.WEB", "HUAMAN_T3.WEB\HUAMAN_T3.WEB.csproj", "{DEBD2BC8-1983-4B6F-B767-ECB5F6532E66}"
EndProject
Project("{FAE04EC0-301F-11D3-BF4B-00C04F79EFBC}") = "HUAMAN_T3.TEST", "HUAMAN_T3.TEST\HUAMAN_T3.TEST.csproj", "{259338BB-CB69-41AD-B716-46E9CE6F3277}"
EndProject
Global
	GlobalSection(SolutionConfigurationPlatforms) = preSolution
		Debug|Any CPU = Debug|Any CPU
		Release|Any CPU = Release|Any CPU
	EndGlobalSection
	GlobalSection(ProjectConfigurationPlatforms) = postSolution
		{DEBD2BC8-1983-4B6F-B767-ECB5F6532E66}.Debug|Any CPU.ActiveCfg = Debug|Any CPU
		{DEBD2BC8-1983-4B6F-B767-ECB5F6532E66}.Debug|Any CPU.Build.0 = Debug|Any CPU
		{DEBD2BC8-1983-4B6F-B767-ECB5F6532E66}.Release|Any CPU.ActiveCfg = Release|Any CPU
		{DEBD2BC8-1983-4B6F-B767-ECB5F6532E66}.Release|Any CPU.Build.0 = Release|Any CPU
		{259338BB-CB69-41AD-B716-46E9CE6F3277}.Debug|Any CPU.ActiveCfg = Debug|Any CPU
		{259338BB-CB69-41AD-B716-46E9CE6F3277}.Debug|Any CPU.Build.0 = Debug|Any CPU
		{259338BB-CB69-41AD-B716-46E9CE6F3277}.Release|Any CPU.ActiveCfg = Release|Any CPU
		{259338BB-CB69-41AD-B716-46E9CE6F3277}.Release|Any CPU.Build.0 = Release|Any CPU
	EndGlobalSection
EndGlobal
